
Microsoft Visual Studio Solution File, Format Version 12.00
# Visual Studio Version 17
VisualStudioVersion = 17.4.33213.308
MinimumVisualStudioVersion = 10.0.40219.1
Project("{FAE04EC0-301F-11D3-BF4B-00C04F79EFBC}") = "COMP003A.Assignment4", "COMP003A.Assignment4\COMP003A.Assignment4.csproj", "{7377CF49-44DC-46DC-8D4D-EDC1E6527A76}"
EndProject
Global
	GlobalSection(SolutionConfigurationPlatforms) = preSolution
		Debug|Any CPU = Debug|Any CPU
		Release|Any CPU = Release|Any CPU
	EndGlobalSection
	GlobalSection(ProjectConfigurationPlatforms) = postSolution
		{7377CF49-44DC-46DC-8D4D-EDC1E6527A76}.Debug|Any CPU.ActiveCfg = Debug|Any CPU
		{7377CF49-44DC-46DC-8D4D-EDC1E6527A76}.Debug|Any CPU.Build.0 = Debug|Any CPU
		{7377CF49-44DC-46DC-8D4D-EDC1E6527A76}.Release|Any CPU.ActiveCfg = Release|Any CPU
		{7377CF49-44DC-46DC-8D4D-EDC1E6527A76}.Release|Any CPU.Build.0 = Release|Any CPU
	EndGlobalSection
	GlobalSection(SolutionProperties) = preSolution
		HideSolutionNode = FALSE
	EndGlobalSection
	GlobalSection(ExtensibilityGlobals) = postSolution
		SolutionGuid = {A35629D3-F8CA-4AB7-ADD1-99E45A4815E3}
	EndGlobalSection
EndGlobal
